
Microsoft Visual Studio Solution File, Format Version 12.00
# Visual Studio Version 17
VisualStudioVersion = 17.9.34723.18
MinimumVisualStudioVersion = 10.0.40219.1
Project("{2150E333-8FDC-42A3-9474-1A3956D46DE8}") = ".root", ".root", "{6C23390D-9C43-43BB-8EE3-617516CD99C3}"
	ProjectSection(SolutionItems) = preProject
		.gitignore = .gitignore
		Directory.Build.props = Directory.Build.props
		LICENSE = LICENSE
		Publish.ps1 = Publish.ps1
		README.md = README.md
	EndProjectSection
EndProject
Project("{2150E333-8FDC-42A3-9474-1A3956D46DE8}") = "source", "source", "{89D3AED6-31D4-45EA-9E45-371294A9D03E}"
EndProject
Project("{9A19103F-16F7-4668-BE54-9A1E7A4F7556}") = "XsdGenerator", "source\XsdGenerator\XsdGenerator.csproj", "{61842367-D9B1-4104-94EB-2A8265CCFF18}"
EndProject
Project("{9A19103F-16F7-4668-BE54-9A1E7A4F7556}") = "XsdGeneratorTool", "source\XsdGeneratorTool\XsdGeneratorTool.csproj", "{83F9FCFA-0FDB-4577-9AD1-DB5DE1FF9701}"
EndProject
Global
	GlobalSection(SolutionConfigurationPlatforms) = preSolution
		Debug|Any CPU = Debug|Any CPU
		Release|Any CPU = Release|Any CPU
	EndGlobalSection
	GlobalSection(ProjectConfigurationPlatforms) = postSolution
		{61842367-D9B1-4104-94EB-2A8265CCFF18}.Debug|Any CPU.ActiveCfg = Debug|Any CPU
		{61842367-D9B1-4104-94EB-2A8265CCFF18}.Debug|Any CPU.Build.0 = Debug|Any CPU
		{61842367-D9B1-4104-94EB-2A8265CCFF18}.Release|Any CPU.ActiveCfg = Release|Any CPU
		{61842367-D9B1-4104-94EB-2A8265CCFF18}.Release|Any CPU.Build.0 = Release|Any CPU
		{83F9FCFA-0FDB-4577-9AD1-DB5DE1FF9701}.Debug|Any CPU.ActiveCfg = Debug|Any CPU
		{83F9FCFA-0FDB-4577-9AD1-DB5DE1FF9701}.Debug|Any CPU.Build.0 = Debug|Any CPU
		{83F9FCFA-0FDB-4577-9AD1-DB5DE1FF9701}.Release|Any CPU.ActiveCfg = Release|Any CPU
		{83F9FCFA-0FDB-4577-9AD1-DB5DE1FF9701}.Release|Any CPU.Build.0 = Release|Any CPU
	EndGlobalSection
	GlobalSection(SolutionProperties) = preSolution
		HideSolutionNode = FALSE
	EndGlobalSection
	GlobalSection(NestedProjects) = preSolution
		{61842367-D9B1-4104-94EB-2A8265CCFF18} = {89D3AED6-31D4-45EA-9E45-371294A9D03E}
		{83F9FCFA-0FDB-4577-9AD1-DB5DE1FF9701} = {89D3AED6-31D4-45EA-9E45-371294A9D03E}
	EndGlobalSection
	GlobalSection(ExtensibilityGlobals) = postSolution
		SolutionGuid = {93387830-D2AD-4446-8E60-CAA50823EF0D}
	EndGlobalSection
EndGlobal
